
Microsoft Visual Studio Solution File, Format Version 12.00
# Visual Studio Version 17
VisualStudioVersion = 17.5.33530.505
MinimumVisualStudioVersion = 10.0.40219.1
Project("{9A19103F-16F7-4668-BE54-9A1E7A4F7556}") = "WSS.VulnShop.WebApi", "WSS.VulnShop.WebApi\WSS.VulnShop.WebApi.csproj", "{DE89A6DE-6B45-4A0C-9A21-C4F358EAA97B}"
EndProject
Project("{FAE04EC0-301F-11D3-BF4B-00C04F79EFBC}") = "WSS.VulnShop.Domain", "WSS.VulnShop.Domain\WSS.VulnShop.Domain.csproj", "{5640D1AB-DB8E-4253-99BC-BB0A6EBF3F35}"
EndProject
Project("{FAE04EC0-301F-11D3-BF4B-00C04F79EFBC}") = "WSS.VulnShop.Infrastructure.Data", "WSS.VulnShop.Infrastructure.Data\WSS.VulnShop.Infrastructure.Data.csproj", "{0D41E29A-0C55-4A23-8672-0B9A41E084CE}"
EndProject
Global
	GlobalSection(SolutionConfigurationPlatforms) = preSolution
		Debug|Any CPU = Debug|Any CPU
		Release|Any CPU = Release|Any CPU
	EndGlobalSection
	GlobalSection(ProjectConfigurationPlatforms) = postSolution
		{DE89A6DE-6B45-4A0C-9A21-C4F358EAA97B}.Debug|Any CPU.ActiveCfg = Debug|Any CPU
		{DE89A6DE-6B45-4A0C-9A21-C4F358EAA97B}.Debug|Any CPU.Build.0 = Debug|Any CPU
		{DE89A6DE-6B45-4A0C-9A21-C4F358EAA97B}.Release|Any CPU.ActiveCfg = Release|Any CPU
		{DE89A6DE-6B45-4A0C-9A21-C4F358EAA97B}.Release|Any CPU.Build.0 = Release|Any CPU
		{5640D1AB-DB8E-4253-99BC-BB0A6EBF3F35}.Debug|Any CPU.ActiveCfg = Debug|Any CPU
		{5640D1AB-DB8E-4253-99BC-BB0A6EBF3F35}.Debug|Any CPU.Build.0 = Debug|Any CPU
		{5640D1AB-DB8E-4253-99BC-BB0A6EBF3F35}.Release|Any CPU.ActiveCfg = Release|Any CPU
		{5640D1AB-DB8E-4253-99BC-BB0A6EBF3F35}.Release|Any CPU.Build.0 = Release|Any CPU
		{0D41E29A-0C55-4A23-8672-0B9A41E084CE}.Debug|Any CPU.ActiveCfg = Debug|Any CPU
		{0D41E29A-0C55-4A23-8672-0B9A41E084CE}.Debug|Any CPU.Build.0 = Debug|Any CPU
		{0D41E29A-0C55-4A23-8672-0B9A41E084CE}.Release|Any CPU.ActiveCfg = Release|Any CPU
		{0D41E29A-0C55-4A23-8672-0B9A41E084CE}.Release|Any CPU.Build.0 = Release|Any CPU
	EndGlobalSection
	GlobalSection(SolutionProperties) = preSolution
		HideSolutionNode = FALSE
	EndGlobalSection
	GlobalSection(ExtensibilityGlobals) = postSolution
		SolutionGuid = {BE14AC6C-CE14-4804-8482-6F0829283C35}
	EndGlobalSection
EndGlobal
